// !$*UTF8*$!
{
	archiveVersion = 1;
	classes = {
	};
	objectVersion = 46;
	objects = {

/* Begin PBXBuildFile section */
		67BB92031D3C1ED200D50122 /* AppDelegate.swift in Sources */ = {isa = PBXBuildFile; fileRef = 67BB92021D3C1ED200D50122 /* AppDelegate.swift */; };
		67BB92051D3C1ED200D50122 /* ViewController.swift in Sources */ = {isa = PBXBuildFile; fileRef = 67BB92041D3C1ED200D50122 /* ViewController.swift */; };
		67BB92081D3C1ED200D50122 /* Main.storyboard in Resources */ = {isa = PBXBuildFile; fileRef = 67BB92061D3C1ED200D50122 /* Main.storyboard */; };
		67BB920A1D3C1ED200D50122 /* Assets.xcassets in Resources */ = {isa = PBXBuildFile; fileRef = 67BB92091D3C1ED200D50122 /* Assets.xcassets */; };
		67BB920D1D3C1ED200D50122 /* LaunchScreen.storyboard in Resources */ = {isa = PBXBuildFile; fileRef = 67BB920B1D3C1ED200D50122 /* LaunchScreen.storyboard */; };
		67BB921A1D3C27C300D50122 /* got.mp3 in Resources */ = {isa = PBXBuildFile; fileRef = 67BB92151D3C27C300D50122 /* got.mp3 */; };
		67BB921B1D3C27C300D50122 /* serve.mp3 in Resources */ = {isa = PBXBuildFile; fileRef = 67BB92161D3C27C300D50122 /* serve.mp3 */; };
		67BB921C1D3C27C300D50122 /* hodor.mp3 in Resources */ = {isa = PBXBuildFile; fileRef = 67BB92171D3C27C300D50122 /* hodor.mp3 */; };
		67BB921D1D3C27C300D50122 /* winter-is-coming.mp3 in Resources */ = {isa = PBXBuildFile; fileRef = 67BB92181D3C27C300D50122 /* winter-is-coming.mp3 */; };
		67BB921E1D3C27C300D50122 /* shame.mp3 in Resources */ = {isa = PBXBuildFile; fileRef = 67BB92191D3C27C300D50122 /* shame.mp3 */; };
/* End PBXBuildFile section */

/* Begin PBXFileReference section */
		67BB91FF1D3C1ED200D50122 /* shakeToSound.app */ = {isa = PBXFileReference; explicitFileType = wrapper.application; includeInIndex = 0; path = shakeToSound.app; sourceTree = BUILT_PRODUCTS_DIR; };
		67BB92021D3C1ED200D50122 /* AppDelegate.swift */ = {isa = PBXFileReference; lastKnownFileType = sourcecode.swift; path = AppDelegate.swift; sourceTree = "<group>"; };
		67BB92041D3C1ED200D50122 /* ViewController.swift */ = {isa = PBXFileReference; lastKnownFileType = sourcecode.swift; path = ViewController.swift; sourceTree = "<group>"; };
		67BB92071D3C1ED200D50122 /* Base */ = {isa = PBXFileReference; lastKnownFileType = file.storyboard; name = Base; path = Base.lproj/Main.storyboard; sourceTree = "<group>"; };
		67BB92091D3C1ED200D50122 /* Assets.xcassets */ = {isa = PBXFileReference; lastKnownFileType = folder.assetcatalog; path = Assets.xcassets; sourceTree = "<group>"; };
		67BB920C1D3C1ED200D50122 /* Base */ = {isa = PBXFileReference; lastKnownFileType = file.storyboard; name = Base; path = Base.lproj/LaunchScreen.storyboard; sourceTree = "<group>"; };
		67BB920E1D3C1ED200D50122 /* Info.plist */ = {isa = PBXFileReference; lastKnownFileType = text.plist.xml; path = Info.plist; sourceTree = "<group>"; };
		67BB92151D3C27C300D50122 /* got.mp3 */ = {isa = PBXFileReference; lastKnownFileType = audio.mp3; name = got.mp3; path = ../../../../Desktop/got.mp3; sourceTree = "<group>"; };
		67BB92161D3C27C300D50122 /* serve.mp3 */ = {isa = PBXFileReference; lastKnownFileType = audio.mp3; name = serve.mp3; path = ../../../../Desktop/serve.mp3; sourceTree = "<group>"; };
		67BB92171D3C27C300D50122 /* hodor.mp3 */ = {isa = PBXFileReference; lastKnownFileType = audio.mp3; name = hodor.mp3; path = ../../../../Desktop/hodor.mp3; sourceTree = "<group>"; };
		67BB92181D3C27C300D50122 /* winter-is-coming.mp3 */ = {isa = PBXFileReference; lastKnownFileType = audio.mp3; name = "winter-is-coming.mp3"; path = "../../../../Desktop/winter-is-coming.mp3"; sourceTree = "<group>"; };
		67BB92191D3C27C300D50122 /* shame.mp3 */ = {isa = PBXFileReference; lastKnownFileType = audio.mp3; name = shame.mp3; path = ../../../../Desktop/shame.mp3; sourceTree = "<group>"; };
/* End PBXFileReference section */

/* Begin PBXFrameworksBuildPhase section */
		67BB91FC1D3C1ED200D50122 /* Frameworks */ = {
			isa = PBXFrameworksBuildPhase;
			buildActionMask = 2147483647;
			files = (
			);
			runOnlyForDeploymentPostprocessing = 0;
		};
/* End PBXFrameworksBuildPhase section */

/* Begin PBXGroup section */
		67BB91F61D3C1ED200D50122 = {
			isa = PBXGroup;
			children = (
				67BB92011D3C1ED200D50122 /* shakeToSound */,
				67BB92001D3C1ED200D50122 /* Products */,
			);
			sourceTree = "<group>";
		};
		67BB92001D3C1ED200D50122 /* Products */ = {
			isa = PBXGroup;
			children = (
				67BB91FF1D3C1ED200D50122 /* shakeToSound.app */,
			);
			name = Products;
			sourceTree = "<group>";
		};
		67BB92011D3C1ED200D50122 /* shakeToSound */ = {
			isa = PBXGroup;
			children = (
				67BB92021D3C1ED200D50122 /* AppDelegate.swift */,
				67BB92041D3C1ED200D50122 /* ViewController.swift */,
				67BB92061D3C1ED200D50122 /* Main.storyboard */,
				67BB92091D3C1ED200D50122 /* Assets.xcassets */,
				67BB920B1D3C1ED200D50122 /* LaunchScreen.storyboard */,
				67BB920E1D3C1ED200D50122 /* Info.plist */,
				67BB92141D3C1FE700D50122 /* sounds */,
			);
			path = shakeToSound;
			sourceTree = "<group>";
		};
		67BB92141D3C1FE700D50122 /* sounds */ = {
			isa = PBXGroup;
			children = (
				67BB92151D3C27C300D50122 /* got.mp3 */,
				67BB92161D3C27C300D50122 /* serve.mp3 */,
				67BB92171D3C27C300D50122 /* hodor.mp3 */,
				67BB92181D3C27C300D50122 /* winter-is-coming.mp3 */,
				67BB92191D3C27C300D50122 /* shame.mp3 */,
			);
			name = sounds;
			sourceTree = "<group>";
		};
/* End PBXGroup section */

/* Begin PBXNativeTarget section */
		67BB91FE1D3C1ED200D50122 /* shakeToSound */ = {
			isa = PBXNativeTarget;
			buildConfigurationList = 67BB92111D3C1ED200D50122 /* Build configuration list for PBXNativeTarget "shakeToSound" */;
			buildPhases = (
				67BB91FB1D3C1ED200D50122 /* Sources */,
				67BB91FC1D3C1ED200D50122 /* Frameworks */,
				67BB91FD1D3C1ED200D50122 /* Resources */,
			);
			buildRules = (
			);
			dependencies = (
			);
			name = shakeToSound;
			productName = shakeToSound;
			productReference = 67BB91FF1D3C1ED200D50122 /* shakeToSound.app */;
			productType = "com.apple.product-type.application";
		};
/* End PBXNativeTarget section */

/* Begin PBXProject section */
		67BB91F71D3C1ED200D50122 /* Project object */ = {
			isa = PBXProject;
			attributes = {
				LastSwiftUpdateCheck = 0730;
				LastUpgradeCheck = 0730;
				ORGANIZATIONNAME = "Kaylan Smith";
				TargetAttributes = {
					67BB91FE1D3C1ED200D50122 = {
						CreatedOnToolsVersion = 7.3.1;
					};
				};
			};
			buildConfigurationList = 67BB91FA1D3C1ED200D50122 /* Build configuration list for PBXProject "shakeToSound" */;
			compatibilityVersion = "Xcode 3.2";
			developmentRegion = English;
			hasScannedForEncodings = 0;
			knownRegions = (
				en,
				Base,
			);
			mainGroup = 67BB91F61D3C1ED200D50122;
			productRefGroup = 67BB92001D3C1ED200D50122 /* Products */;
			projectDirPath = "";
			projectRoot = "";
			targets = (
				67BB91FE1D3C1ED200D50122 /* shakeToSound */,
			);
		};
/* End PBXProject section */

/* Begin PBXResourcesBuildPhase section */
		67BB91FD1D3C1ED200D50122 /* Resources */ = {
			isa = PBXResourcesBuildPhase;
			buildActionMask = 2147483647;
			files = (
				67BB920D1D3C1ED200D50122 /* LaunchScreen.storyboard in Resources */,
				67BB921C1D3C27C300D50122 /* hodor.mp3 in Resources */,
				67BB921D1D3C27C300D50122 /* winter-is-coming.mp3 in Resources */,
				67BB920A1D3C1ED200D50122 /* Assets.xcassets in Resources */,
				67BB921B1D3C27C300D50122 /* serve.mp3 in Resources */,
				67BB921E1D3C27C300D50122 /* shame.mp3 in Resources */,
				67BB92081D3C1ED200D50122 /* Main.storyboard in Resources */,
				67BB921A1D3C27C300D50122 /* got.mp3 in Resources */,
			);
			runOnlyForDeploymentPostprocessing = 0;
		};
/* End PBXResourcesBuildPhase section */

/* Begin PBXSourcesBuildPhase section */
		67BB91FB1D3C1ED200D50122 /* Sources */ = {
			isa = PBXSourcesBuildPhase;
			buildActionMask = 2147483647;
			files = (
				67BB92051D3C1ED200D50122 /* ViewController.swift in Sources */,
				67BB92031D3C1ED200D50122 /* AppDelegate.swift in Sources */,
			);
			runOnlyForDeploymentPostprocessing = 0;
		};
/* End PBXSourcesBuildPhase section */

/* Begin PBXVariantGroup section */
		67BB92061D3C1ED200D50122 /* Main.storyboard */ = {
			isa = PBXVariantGroup;
			children = (
				67BB92071D3C1ED200D50122 /* Base */,
			);
			name = Main.storyboard;
			sourceTree = "<group>";
		};
		67BB920B1D3C1ED200D50122 /* LaunchScreen.storyboard */ = {
			isa = PBXVariantGroup;
			children = (
				67BB920C1D3C1ED200D50122 /* Base */,
			);
			name = LaunchScreen.storyboard;
			sourceTree = "<group>";
		};
/* End PBXVariantGroup section */

/* Begin XCBuildConfiguration section */
		67BB920F1D3C1ED200D50122 /* Debug */ = {
			isa = XCBuildConfiguration;
			buildSettings = {
				ALWAYS_SEARCH_USER_PATHS = NO;
				CLANG_ANALYZER_NONNULL = YES;
				CLANG_CXX_LANGUAGE_STANDARD = "gnu++0x";
				CLANG_CXX_LIBRARY = "libc++";
				CLANG_ENABLE_MODULES = YES;
				CLANG_ENABLE_OBJC_ARC = YES;
				CLANG_WARN_BOOL_CONVERSION = YES;
				CLANG_WARN_CONSTANT_CONVERSION = YES;
				CLANG_WARN_DIRECT_OBJC_ISA_USAGE = YES_ERROR;
				CLANG_WARN_EMPTY_BODY = YES;
				CLANG_WARN_ENUM_CONVERSION = YES;
				CLANG_WARN_INT_CONVERSION = YES;
				CLANG_WARN_OBJC_ROOT_CLASS = YES_ERROR;
				CLANG_WARN_UNREACHABLE_CODE = YES;
				CLANG_WARN__DUPLICATE_METHOD_MATCH = YES;
				"CODE_SIGN_IDENTITY[sdk=iphoneos*]" = "iPhone Developer";
				COPY_PHASE_STRIP = NO;
				DEBUG_INFORMATION_FORMAT = dwarf;
				ENABLE_STRICT_OBJC_MSGSEND = YES;
				ENABLE_TESTABILITY = YES;
				GCC_C_LANGUAGE_STANDARD = gnu99;
				GCC_DYNAMIC_NO_PIC = NO;
				GCC_NO_COMMON_BLOCKS = YES;
				GCC_OPTIMIZATION_LEVEL = 0;
				GCC_PREPROCESSOR_DEFINITIONS = (
					"DEBUG=1",
					"$(inherited)",
				);
				GCC_WARN_64_TO_32_BIT_CONVERSION = YES;
				GCC_WARN_ABOUT_RETURN_TYPE = YES_ERROR;
				GCC_WARN_UNDECLARED_SELECTOR = YES;
				GCC_WARN_UNINITIALIZED_AUTOS = YES_AGGRESSIVE;
				GCC_WARN_UNUSED_FUNCTION = YES;
				GCC_WARN_UNUSED_VARIABLE = YES;
				IPHONEOS_DEPLOYMENT_TARGET = 9.3;
				MTL_ENABLE_DEBUG_INFO = YES;
				ONLY_ACTIVE_ARCH = YES;
				SDKROOT = iphoneos;
				SWIFT_OPTIMIZATION_LEVEL = "-Onone";
			};
			name = Debug;
		};
		67BB92101D3C1ED200D50122 /* Release */ = {
			isa = XCBuildConfiguration;
			buildSettings = {
				ALWAYS_SEARCH_USER_PATHS = NO;
				CLANG_ANALYZER_NONNULL = YES;
				CLANG_CXX_LANGUAGE_STANDARD = "gnu++0x";
				CLANG_CXX_LIBRARY = "libc++";
				CLANG_ENABLE_MODULES = YES;
				CLANG_ENABLE_OBJC_ARC = YES;
				CLANG_WARN_BOOL_CONVERSION = YES;
				CLANG_WARN_CONSTANT_CONVERSION = YES;
				CLANG_WARN_DIRECT_OBJC_ISA_USAGE = YES_ERROR;
				CLANG_WARN_EMPTY_BODY = YES;
				CLANG_WARN_ENUM_CONVERSION = YES;
				CLANG_WARN_INT_CONVERSION = YES;
				CLANG_WARN_OBJC_ROOT_CLASS = YES_ERROR;
				CLANG_WARN_UNREACHABLE_CODE = YES;
				CLANG_WARN__DUPLICATE_METHOD_MATCH = YES;
				"CODE_SIGN_IDENTITY[sdk=iphoneos*]" = "iPhone Developer";
				COPY_PHASE_STRIP = NO;
				DEBUG_INFORMATION_FORMAT = "dwarf-with-dsym";
				ENABLE_NS_ASSERTIONS = NO;
				ENABLE_STRICT_OBJC_MSGSEND = YES;
				GCC_C_LANGUAGE_STANDARD = gnu99;
				GCC_NO_COMMON_BLOCKS = YES;
				GCC_WARN_64_TO_32_BIT_CONVERSION = YES;
				GCC_WARN_ABOUT_RETURN_TYPE = YES_ERROR;
				GCC_WARN_UNDECLARED_SELECTOR = YES;
				GCC_WARN_UNINITIALIZED_AUTOS = YES_AGGRESSIVE;
				GCC_WARN_UNUSED_FUNCTION = YES;
				GCC_WARN_UNUSED_VARIABLE = YES;
				IPHONEOS_DEPLOYMENT_TARGET = 9.3;
				MTL_ENABLE_DEBUG_INFO = NO;
				SDKROOT = iphoneos;
				VALIDATE_PRODUCT = YES;
			};
			name = Release;
		};
		67BB92121D3C1ED200D50122 /* Debug */ = {
			isa = XCBuildConfiguration;
			buildSettings = {
				ASSETCATALOG_COMPILER_APPICON_NAME = AppIcon;
				INFOPLIST_FILE = shakeToSound/Info.plist;
				LD_RUNPATH_SEARCH_PATHS = "$(inherited) @executable_path/Frameworks";
				PRODUCT_BUNDLE_IDENTIFIER = com.kaylansmith.shakeToSound;
				PRODUCT_NAME = "$(TARGET_NAME)";
			};
			name = Debug;
		};
		67BB92131D3C1ED200D50122 /* Release */ = {
			isa = XCBuildConfiguration;
			buildSettings = {
				ASSETCATALOG_COMPILER_APPICON_NAME = AppIcon;
				INFOPLIST_FILE = shakeToSound/Info.plist;
				LD_RUNPATH_SEARCH_PATHS = "$(inherited) @executable_path/Frameworks";
				PRODUCT_BUNDLE_IDENTIFIER = com.kaylansmith.shakeToSound;
				PRODUCT_NAME = "$(TARGET_NAME)";
			};
			name = Release;
		};
/* End XCBuildConfiguration section */

/* Begin XCConfigurationList section */
		67BB91FA1D3C1ED200D50122 /* Build configuration list for PBXProject "shakeToSound" */ = {
			isa = XCConfigurationList;
			buildConfigurations = (
				67BB920F1D3C1ED200D50122 /* Debug */,
				67BB92101D3C1ED200D50122 /* Release */,
			);
			defaultConfigurationIsVisible = 0;
			defaultConfigurationName = Release;
		};
		67BB92111D3C1ED200D50122 /* Build configuration list for PBXNativeTarget "shakeToSound" */ = {
			isa = XCConfigurationList;
			buildConfigurations = (
				67BB92121D3C1ED200D50122 /* Debug */,
				67BB92131D3C1ED200D50122 /* Release */,
			);
			defaultConfigurationIsVisible = 0;
		};
/* End XCConfigurationList section */
	};
	rootObject = 67BB91F71D3C1ED200D50122 /* Project object */;
}
